// !$*UTF8*$!
{
	archiveVersion = 1;
	classes = {
	};
	objectVersion = 50;
	objects = {

/* Begin PBXBuildFile section */
		70AD3F9025400207003482D1 /* AppDelegate.swift in Sources */ = {isa = PBXBuildFile; fileRef = 70AD3F8F25400207003482D1 /* AppDelegate.swift */; };
		70AD3F9225400207003482D1 /* SceneDelegate.swift in Sources */ = {isa = PBXBuildFile; fileRef = 70AD3F9125400207003482D1 /* SceneDelegate.swift */; };
		70AD3F9425400207003482D1 /* ContentView.swift in Sources */ = {isa = PBXBuildFile; fileRef = 70AD3F9325400207003482D1 /* ContentView.swift */; };
		70AD3F962540020E003482D1 /* Assets.xcassets in Resources */ = {isa = PBXBuildFile; fileRef = 70AD3F952540020E003482D1 /* Assets.xcassets */; };
		70AD3F992540020E003482D1 /* Preview Assets.xcassets in Resources */ = {isa = PBXBuildFile; fileRef = 70AD3F982540020E003482D1 /* Preview Assets.xcassets */; };
		70AD3F9C2540020E003482D1 /* LaunchScreen.storyboard in Resources */ = {isa = PBXBuildFile; fileRef = 70AD3F9A2540020E003482D1 /* LaunchScreen.storyboard */; };
		70AD3FA72540020F003482D1 /* paintingsTests.swift in Sources */ = {isa = PBXBuildFile; fileRef = 70AD3FA62540020F003482D1 /* paintingsTests.swift */; };
		70AD3FB22540020F003482D1 /* paintingsUITests.swift in Sources */ = {isa = PBXBuildFile; fileRef = 70AD3FB12540020F003482D1 /* paintingsUITests.swift */; };
		70AD3FC425400247003482D1 /* painting.swift in Sources */ = {isa = PBXBuildFile; fileRef = 70AD3FC325400247003482D1 /* painting.swift */; };
/* End PBXBuildFile section */

/* Begin PBXContainerItemProxy section */
		70AD3FA32540020F003482D1 /* PBXContainerItemProxy */ = {
			isa = PBXContainerItemProxy;
			containerPortal = 70AD3F8425400207003482D1 /* Project object */;
			proxyType = 1;
			remoteGlobalIDString = 70AD3F8B25400207003482D1;
			remoteInfo = paintings;
		};
		70AD3FAE2540020F003482D1 /* PBXContainerItemProxy */ = {
			isa = PBXContainerItemProxy;
			containerPortal = 70AD3F8425400207003482D1 /* Project object */;
			proxyType = 1;
			remoteGlobalIDString = 70AD3F8B25400207003482D1;
			remoteInfo = paintings;
		};
/* End PBXContainerItemProxy section */

/* Begin PBXFileReference section */
		70AD3F8C25400207003482D1 /* paintings.app */ = {isa = PBXFileReference; explicitFileType = wrapper.application; includeInIndex = 0; path = paintings.app; sourceTree = BUILT_PRODUCTS_DIR; };
		70AD3F8F25400207003482D1 /* AppDelegate.swift */ = {isa = PBXFileReference; lastKnownFileType = sourcecode.swift; path = AppDelegate.swift; sourceTree = "<group>"; };
		70AD3F9125400207003482D1 /* SceneDelegate.swift */ = {isa = PBXFileReference; lastKnownFileType = sourcecode.swift; path = SceneDelegate.swift; sourceTree = "<group>"; };
		70AD3F9325400207003482D1 /* ContentView.swift */ = {isa = PBXFileReference; lastKnownFileType = sourcecode.swift; path = ContentView.swift; sourceTree = "<group>"; };
		70AD3F952540020E003482D1 /* Assets.xcassets */ = {isa = PBXFileReference; lastKnownFileType = folder.assetcatalog; path = Assets.xcassets; sourceTree = "<group>"; };
		70AD3F982540020E003482D1 /* Preview Assets.xcassets */ = {isa = PBXFileReference; lastKnownFileType = folder.assetcatalog; path = "Preview Assets.xcassets"; sourceTree = "<group>"; };
		70AD3F9B2540020E003482D1 /* Base */ = {isa = PBXFileReference; lastKnownFileType = file.storyboard; name = Base; path = Base.lproj/LaunchScreen.storyboard; sourceTree = "<group>"; };
		70AD3F9D2540020E003482D1 /* Info.plist */ = {isa = PBXFileReference; lastKnownFileType = text.plist.xml; path = Info.plist; sourceTree = "<group>"; };
		70AD3FA22540020F003482D1 /* paintingsTests.xctest */ = {isa = PBXFileReference; explicitFileType = wrapper.cfbundle; includeInIndex = 0; path = paintingsTests.xctest; sourceTree = BUILT_PRODUCTS_DIR; };
		70AD3FA62540020F003482D1 /* paintingsTests.swift */ = {isa = PBXFileReference; lastKnownFileType = sourcecode.swift; path = paintingsTests.swift; sourceTree = "<group>"; };
		70AD3FA82540020F003482D1 /* Info.plist */ = {isa = PBXFileReference; lastKnownFileType = text.plist.xml; path = Info.plist; sourceTree = "<group>"; };
		70AD3FAD2540020F003482D1 /* paintingsUITests.xctest */ = {isa = PBXFileReference; explicitFileType = wrapper.cfbundle; includeInIndex = 0; path = paintingsUITests.xctest; sourceTree = BUILT_PRODUCTS_DIR; };
		70AD3FB12540020F003482D1 /* paintingsUITests.swift */ = {isa = PBXFileReference; lastKnownFileType = sourcecode.swift; path = paintingsUITests.swift; sourceTree = "<group>"; };
		70AD3FB32540020F003482D1 /* Info.plist */ = {isa = PBXFileReference; lastKnownFileType = text.plist.xml; path = Info.plist; sourceTree = "<group>"; };
		70AD3FC325400247003482D1 /* painting.swift */ = {isa = PBXFileReference; lastKnownFileType = sourcecode.swift; path = painting.swift; sourceTree = "<group>"; };
/* End PBXFileReference section */

/* Begin PBXFrameworksBuildPhase section */
		70AD3F8925400207003482D1 /* Frameworks */ = {
			isa = PBXFrameworksBuildPhase;
			buildActionMask = 2147483647;
			files = (
			);
			runOnlyForDeploymentPostprocessing = 0;
		};
		70AD3F9F2540020F003482D1 /* Frameworks */ = {
			isa = PBXFrameworksBuildPhase;
			buildActionMask = 2147483647;
			files = (
			);
			runOnlyForDeploymentPostprocessing = 0;
		};
		70AD3FAA2540020F003482D1 /* Frameworks */ = {
			isa = PBXFrameworksBuildPhase;
			buildActionMask = 2147483647;
			files = (
			);
			runOnlyForDeploymentPostprocessing = 0;
		};
/* End PBXFrameworksBuildPhase section */

/* Begin PBXGroup section */
		70AD3F8325400207003482D1 = {
			isa = PBXGroup;
			children = (
				70AD3F8E25400207003482D1 /* paintings */,
				70AD3FA52540020F003482D1 /* paintingsTests */,
				70AD3FB02540020F003482D1 /* paintingsUITests */,
				70AD3F8D25400207003482D1 /* Products */,
			);
			sourceTree = "<group>";
		};
		70AD3F8D25400207003482D1 /* Products */ = {
			isa = PBXGroup;
			children = (
				70AD3F8C25400207003482D1 /* paintings.app */,
				70AD3FA22540020F003482D1 /* paintingsTests.xctest */,
				70AD3FAD2540020F003482D1 /* paintingsUITests.xctest */,
			);
			name = Products;
			sourceTree = "<group>";
		};
		70AD3F8E25400207003482D1 /* paintings */ = {
			isa = PBXGroup;
			children = (
				70AD3FC22540022B003482D1 /* Models */,
				70AD3F8F25400207003482D1 /* AppDelegate.swift */,
				70AD3F9125400207003482D1 /* SceneDelegate.swift */,
				70AD3F9325400207003482D1 /* ContentView.swift */,
				70AD3F952540020E003482D1 /* Assets.xcassets */,
				70AD3F9A2540020E003482D1 /* LaunchScreen.storyboard */,
				70AD3F9D2540020E003482D1 /* Info.plist */,
				70AD3F972540020E003482D1 /* Preview Content */,
			);
			path = paintings;
			sourceTree = "<group>";
		};
		70AD3F972540020E003482D1 /* Preview Content */ = {
			isa = PBXGroup;
			children = (
				70AD3F982540020E003482D1 /* Preview Assets.xcassets */,
			);
			path = "Preview Content";
			sourceTree = "<group>";
		};
		70AD3FA52540020F003482D1 /* paintingsTests */ = {
			isa = PBXGroup;
			children = (
				70AD3FA62540020F003482D1 /* paintingsTests.swift */,
				70AD3FA82540020F003482D1 /* Info.plist */,
			);
			path = paintingsTests;
			sourceTree = "<group>";
		};
		70AD3FB02540020F003482D1 /* paintingsUITests */ = {
			isa = PBXGroup;
			children = (
				70AD3FB12540020F003482D1 /* paintingsUITests.swift */,
				70AD3FB32540020F003482D1 /* Info.plist */,
			);
			path = paintingsUITests;
			sourceTree = "<group>";
		};
		70AD3FC22540022B003482D1 /* Models */ = {
			isa = PBXGroup;
			children = (
				70AD3FC325400247003482D1 /* painting.swift */,
			);
			path = Models;
			sourceTree = "<group>";
		};
/* End PBXGroup section */

/* Begin PBXNativeTarget section */
		70AD3F8B25400207003482D1 /* paintings */ = {
			isa = PBXNativeTarget;
			buildConfigurationList = 70AD3FB62540020F003482D1 /* Build configuration list for PBXNativeTarget "paintings" */;
			buildPhases = (
				70AD3F8825400207003482D1 /* Sources */,
				70AD3F8925400207003482D1 /* Frameworks */,
				70AD3F8A25400207003482D1 /* Resources */,
			);
			buildRules = (
			);
			dependencies = (
			);
			name = paintings;
			productName = paintings;
			productReference = 70AD3F8C25400207003482D1 /* paintings.app */;
			productType = "com.apple.product-type.application";
		};
		70AD3FA12540020F003482D1 /* paintingsTests */ = {
			isa = PBXNativeTarget;
			buildConfigurationList = 70AD3FB92540020F003482D1 /* Build configuration list for PBXNativeTarget "paintingsTests" */;
			buildPhases = (
				70AD3F9E2540020F003482D1 /* Sources */,
				70AD3F9F2540020F003482D1 /* Frameworks */,
				70AD3FA02540020F003482D1 /* Resources */,
			);
			buildRules = (
			);
			dependencies = (
				70AD3FA42540020F003482D1 /* PBXTargetDependency */,
			);
			name = paintingsTests;
			productName = paintingsTests;
			productReference = 70AD3FA22540020F003482D1 /* paintingsTests.xctest */;
			productType = "com.apple.product-type.bundle.unit-test";
		};
		70AD3FAC2540020F003482D1 /* paintingsUITests */ = {
			isa = PBXNativeTarget;
			buildConfigurationList = 70AD3FBC2540020F003482D1 /* Build configuration list for PBXNativeTarget "paintingsUITests" */;
			buildPhases = (
				70AD3FA92540020F003482D1 /* Sources */,
				70AD3FAA2540020F003482D1 /* Frameworks */,
				70AD3FAB2540020F003482D1 /* Resources */,
			);
			buildRules = (
			);
			dependencies = (
				70AD3FAF2540020F003482D1 /* PBXTargetDependency */,
			);
			name = paintingsUITests;
			productName = paintingsUITests;
			productReference = 70AD3FAD2540020F003482D1 /* paintingsUITests.xctest */;
			productType = "com.apple.product-type.bundle.ui-testing";
		};
/* End PBXNativeTarget section */

/* Begin PBXProject section */
		70AD3F8425400207003482D1 /* Project object */ = {
			isa = PBXProject;
			attributes = {
				LastSwiftUpdateCheck = 1200;
				LastUpgradeCheck = 1200;
				TargetAttributes = {
					70AD3F8B25400207003482D1 = {
						CreatedOnToolsVersion = 12.0;
					};
					70AD3FA12540020F003482D1 = {
						CreatedOnToolsVersion = 12.0;
						TestTargetID = 70AD3F8B25400207003482D1;
					};
					70AD3FAC2540020F003482D1 = {
						CreatedOnToolsVersion = 12.0;
						TestTargetID = 70AD3F8B25400207003482D1;
					};
				};
			};
			buildConfigurationList = 70AD3F8725400207003482D1 /* Build configuration list for PBXProject "paintings" */;
			compatibilityVersion = "Xcode 9.3";
			developmentRegion = en;
			hasScannedForEncodings = 0;
			knownRegions = (
				en,
				Base,
			);
			mainGroup = 70AD3F8325400207003482D1;
			productRefGroup = 70AD3F8D25400207003482D1 /* Products */;
			projectDirPath = "";
			projectRoot = "";
			targets = (
				70AD3F8B25400207003482D1 /* paintings */,
				70AD3FA12540020F003482D1 /* paintingsTests */,
				70AD3FAC2540020F003482D1 /* paintingsUITests */,
			);
		};
/* End PBXProject section */

/* Begin PBXResourcesBuildPhase section */
		70AD3F8A25400207003482D1 /* Resources */ = {
			isa = PBXResourcesBuildPhase;
			buildActionMask = 2147483647;
			files = (
				70AD3F9C2540020E003482D1 /* LaunchScreen.storyboard in Resources */,
				70AD3F992540020E003482D1 /* Preview Assets.xcassets in Resources */,
				70AD3F962540020E003482D1 /* Assets.xcassets in Resources */,
			);
			runOnlyForDeploymentPostprocessing = 0;
		};
		70AD3FA02540020F003482D1 /* Resources */ = {
			isa = PBXResourcesBuildPhase;
			buildActionMask = 2147483647;
			files = (
			);
			runOnlyForDeploymentPostprocessing = 0;
		};
		70AD3FAB2540020F003482D1 /* Resources */ = {
			isa = PBXResourcesBuildPhase;
			buildActionMask = 2147483647;
			files = (
			);
			runOnlyForDeploymentPostprocessing = 0;
		};
/* End PBXResourcesBuildPhase section */

/* Begin PBXSourcesBuildPhase section */
		70AD3F8825400207003482D1 /* Sources */ = {
			isa = PBXSourcesBuildPhase;
			buildActionMask = 2147483647;
			files = (
				70AD3F9025400207003482D1 /* AppDelegate.swift in Sources */,
				70AD3F9225400207003482D1 /* SceneDelegate.swift in Sources */,
				70AD3F9425400207003482D1 /* ContentView.swift in Sources */,
				70AD3FC425400247003482D1 /* painting.swift in Sources */,
			);
			runOnlyForDeploymentPostprocessing = 0;
		};
		70AD3F9E2540020F003482D1 /* Sources */ = {
			isa = PBXSourcesBuildPhase;
			buildActionMask = 2147483647;
			files = (
				70AD3FA72540020F003482D1 /* paintingsTests.swift in Sources */,
			);
			runOnlyForDeploymentPostprocessing = 0;
		};
		70AD3FA92540020F003482D1 /* Sources */ = {
			isa = PBXSourcesBuildPhase;
			buildActionMask = 2147483647;
			files = (
				70AD3FB22540020F003482D1 /* paintingsUITests.swift in Sources */,
			);
			runOnlyForDeploymentPostprocessing = 0;
		};
/* End PBXSourcesBuildPhase section */

/* Begin PBXTargetDependency section */
		70AD3FA42540020F003482D1 /* PBXTargetDependency */ = {
			isa = PBXTargetDependency;
			target = 70AD3F8B25400207003482D1 /* paintings */;
			targetProxy = 70AD3FA32540020F003482D1 /* PBXContainerItemProxy */;
		};
		70AD3FAF2540020F003482D1 /* PBXTargetDependency */ = {
			isa = PBXTargetDependency;
			target = 70AD3F8B25400207003482D1 /* paintings */;
			targetProxy = 70AD3FAE2540020F003482D1 /* PBXContainerItemProxy */;
		};
/* End PBXTargetDependency section */

/* Begin PBXVariantGroup section */
		70AD3F9A2540020E003482D1 /* LaunchScreen.storyboard */ = {
			isa = PBXVariantGroup;
			children = (
				70AD3F9B2540020E003482D1 /* Base */,
			);
			name = LaunchScreen.storyboard;
			sourceTree = "<group>";
		};
/* End PBXVariantGroup section */

/* Begin XCBuildConfiguration section */
		70AD3FB42540020F003482D1 /* Debug */ = {
			isa = XCBuildConfiguration;
			buildSettings = {
				ALWAYS_SEARCH_USER_PATHS = NO;
				CLANG_ANALYZER_NONNULL = YES;
				CLANG_ANALYZER_NUMBER_OBJECT_CONVERSION = YES_AGGRESSIVE;
				CLANG_CXX_LANGUAGE_STANDARD = "gnu++14";
				CLANG_CXX_LIBRARY = "libc++";
				CLANG_ENABLE_MODULES = YES;
				CLANG_ENABLE_OBJC_ARC = YES;
				CLANG_ENABLE_OBJC_WEAK = YES;
				CLANG_WARN_BLOCK_CAPTURE_AUTORELEASING = YES;
				CLANG_WARN_BOOL_CONVERSION = YES;
				CLANG_WARN_COMMA = YES;
				CLANG_WARN_CONSTANT_CONVERSION = YES;
				CLANG_WARN_DEPRECATED_OBJC_IMPLEMENTATIONS = YES;
				CLANG_WARN_DIRECT_OBJC_ISA_USAGE = YES_ERROR;
				CLANG_WARN_DOCUMENTATION_COMMENTS = YES;
				CLANG_WARN_EMPTY_BODY = YES;
				CLANG_WARN_ENUM_CONVERSION = YES;
				CLANG_WARN_INFINITE_RECURSION = YES;
				CLANG_WARN_INT_CONVERSION = YES;
				CLANG_WARN_NON_LITERAL_NULL_CONVERSION = YES;
				CLANG_WARN_OBJC_IMPLICIT_RETAIN_SELF = YES;
				CLANG_WARN_OBJC_LITERAL_CONVERSION = YES;
				CLANG_WARN_OBJC_ROOT_CLASS = YES_ERROR;
				CLANG_WARN_QUOTED_INCLUDE_IN_FRAMEWORK_HEADER = YES;
				CLANG_WARN_RANGE_LOOP_ANALYSIS = YES;
				CLANG_WARN_STRICT_PROTOTYPES = YES;
				CLANG_WARN_SUSPICIOUS_MOVE = YES;
				CLANG_WARN_UNGUARDED_AVAILABILITY = YES_AGGRESSIVE;
				CLANG_WARN_UNREACHABLE_CODE = YES;
				CLANG_WARN__DUPLICATE_METHOD_MATCH = YES;
				COPY_PHASE_STRIP = NO;
				DEBUG_INFORMATION_FORMAT = dwarf;
				ENABLE_STRICT_OBJC_MSGSEND = YES;
				ENABLE_TESTABILITY = YES;
				GCC_C_LANGUAGE_STANDARD = gnu11;
				GCC_DYNAMIC_NO_PIC = NO;
				GCC_NO_COMMON_BLOCKS = YES;
				GCC_OPTIMIZATION_LEVEL = 0;
				GCC_PREPROCESSOR_DEFINITIONS = (
					"DEBUG=1",
					"$(inherited)",
				);
				GCC_WARN_64_TO_32_BIT_CONVERSION = YES;
				GCC_WARN_ABOUT_RETURN_TYPE = YES_ERROR;
				GCC_WARN_UNDECLARED_SELECTOR = YES;
				GCC_WARN_UNINITIALIZED_AUTOS = YES_AGGRESSIVE;
				GCC_WARN_UNUSED_FUNCTION = YES;
				GCC_WARN_UNUSED_VARIABLE = YES;
				IPHONEOS_DEPLOYMENT_TARGET = 14.0;
				MTL_ENABLE_DEBUG_INFO = INCLUDE_SOURCE;
				MTL_FAST_MATH = YES;
				ONLY_ACTIVE_ARCH = YES;
				SDKROOT = iphoneos;
				SWIFT_ACTIVE_COMPILATION_CONDITIONS = DEBUG;
				SWIFT_OPTIMIZATION_LEVEL = "-Onone";
			};
			name = Debug;
		};
		70AD3FB52540020F003482D1 /* Release */ = {
			isa = XCBuildConfiguration;
			buildSettings = {
				ALWAYS_SEARCH_USER_PATHS = NO;
				CLANG_ANALYZER_NONNULL = YES;
				CLANG_ANALYZER_NUMBER_OBJECT_CONVERSION = YES_AGGRESSIVE;
				CLANG_CXX_LANGUAGE_STANDARD = "gnu++14";
				CLANG_CXX_LIBRARY = "libc++";
				CLANG_ENABLE_MODULES = YES;
				CLANG_ENABLE_OBJC_ARC = YES;
				CLANG_ENABLE_OBJC_WEAK = YES;
				CLANG_WARN_BLOCK_CAPTURE_AUTORELEASING = YES;
				CLANG_WARN_BOOL_CONVERSION = YES;
				CLANG_WARN_COMMA = YES;
				CLANG_WARN_CONSTANT_CONVERSION = YES;
				CLANG_WARN_DEPRECATED_OBJC_IMPLEMENTATIONS = YES;
				CLANG_WARN_DIRECT_OBJC_ISA_USAGE = YES_ERROR;
				CLANG_WARN_DOCUMENTATION_COMMENTS = YES;
				CLANG_WARN_EMPTY_BODY = YES;
				CLANG_WARN_ENUM_CONVERSION = YES;
				CLANG_WARN_INFINITE_RECURSION = YES;
				CLANG_WARN_INT_CONVERSION = YES;
				CLANG_WARN_NON_LITERAL_NULL_CONVERSION = YES;
				CLANG_WARN_OBJC_IMPLICIT_RETAIN_SELF = YES;
				CLANG_WARN_OBJC_LITERAL_CONVERSION = YES;
				CLANG_WARN_OBJC_ROOT_CLASS = YES_ERROR;
				CLANG_WARN_QUOTED_INCLUDE_IN_FRAMEWORK_HEADER = YES;
				CLANG_WARN_RANGE_LOOP_ANALYSIS = YES;
				CLANG_WARN_STRICT_PROTOTYPES = YES;
				CLANG_WARN_SUSPICIOUS_MOVE = YES;
				CLANG_WARN_UNGUARDED_AVAILABILITY = YES_AGGRESSIVE;
				CLANG_WARN_UNREACHABLE_CODE = YES;
				CLANG_WARN__DUPLICATE_METHOD_MATCH = YES;
				COPY_PHASE_STRIP = NO;
				DEBUG_INFORMATION_FORMAT = "dwarf-with-dsym";
				ENABLE_NS_ASSERTIONS = NO;
				ENABLE_STRICT_OBJC_MSGSEND = YES;
				GCC_C_LANGUAGE_STANDARD = gnu11;
				GCC_NO_COMMON_BLOCKS = YES;
				GCC_WARN_64_TO_32_BIT_CONVERSION = YES;
				GCC_WARN_ABOUT_RETURN_TYPE = YES_ERROR;
				GCC_WARN_UNDECLARED_SELECTOR = YES;
				GCC_WARN_UNINITIALIZED_AUTOS = YES_AGGRESSIVE;
				GCC_WARN_UNUSED_FUNCTION = YES;
				GCC_WARN_UNUSED_VARIABLE = YES;
				IPHONEOS_DEPLOYMENT_TARGET = 14.0;
				MTL_ENABLE_DEBUG_INFO = NO;
				MTL_FAST_MATH = YES;
				SDKROOT = iphoneos;
				SWIFT_COMPILATION_MODE = wholemodule;
				SWIFT_OPTIMIZATION_LEVEL = "-O";
				VALIDATE_PRODUCT = YES;
			};
			name = Release;
		};
		70AD3FB72540020F003482D1 /* Debug */ = {
			isa = XCBuildConfiguration;
			buildSettings = {
				ASSETCATALOG_COMPILER_APPICON_NAME = AppIcon;
				ASSETCATALOG_COMPILER_GLOBAL_ACCENT_COLOR_NAME = AccentColor;
				CODE_SIGN_STYLE = Automatic;
				DEVELOPMENT_ASSET_PATHS = "\"paintings/Preview Content\"";
				DEVELOPMENT_TEAM = C35DR2MHM7;
				ENABLE_PREVIEWS = YES;
				INFOPLIST_FILE = paintings/Info.plist;
				LD_RUNPATH_SEARCH_PATHS = (
					"$(inherited)",
					"@executable_path/Frameworks",
				);
				PRODUCT_BUNDLE_IDENTIFIER = com.swams.paintings;
				PRODUCT_NAME = "$(TARGET_NAME)";
				SWIFT_VERSION = 5.0;
				TARGETED_DEVICE_FAMILY = "1,2";
			};
			name = Debug;
		};
		70AD3FB82540020F003482D1 /* Release */ = {
			isa = XCBuildConfiguration;
			buildSettings = {
				ASSETCATALOG_COMPILER_APPICON_NAME = AppIcon;
				ASSETCATALOG_COMPILER_GLOBAL_ACCENT_COLOR_NAME = AccentColor;
				CODE_SIGN_STYLE = Automatic;
				DEVELOPMENT_ASSET_PATHS = "\"paintings/Preview Content\"";
				DEVELOPMENT_TEAM = C35DR2MHM7;
				ENABLE_PREVIEWS = YES;
				INFOPLIST_FILE = paintings/Info.plist;
				LD_RUNPATH_SEARCH_PATHS = (
					"$(inherited)",
					"@executable_path/Frameworks",
				);
				PRODUCT_BUNDLE_IDENTIFIER = com.swams.paintings;
				PRODUCT_NAME = "$(TARGET_NAME)";
				SWIFT_VERSION = 5.0;
				TARGETED_DEVICE_FAMILY = "1,2";
			};
			name = Release;
		};
		70AD3FBA2540020F003482D1 /* Debug */ = {
			isa = XCBuildConfiguration;
			buildSettings = {
				ALWAYS_EMBED_SWIFT_STANDARD_LIBRARIES = YES;
				BUNDLE_LOADER = "$(TEST_HOST)";
				CODE_SIGN_STYLE = Automatic;
				DEVELOPMENT_TEAM = C35DR2MHM7;
				INFOPLIST_FILE = paintingsTests/Info.plist;
				IPHONEOS_DEPLOYMENT_TARGET = 14.0;
				LD_RUNPATH_SEARCH_PATHS = (
					"$(inherited)",
					"@executable_path/Frameworks",
					"@loader_path/Frameworks",
				);
				PRODUCT_BUNDLE_IDENTIFIER = com.swams.paintingsTests;
				PRODUCT_NAME = "$(TARGET_NAME)";
				SWIFT_VERSION = 5.0;
				TARGETED_DEVICE_FAMILY = "1,2";
				TEST_HOST = "$(BUILT_PRODUCTS_DIR)/paintings.app/paintings";
			};
			name = Debug;
		};
		70AD3FBB2540020F003482D1 /* Release */ = {
			isa = XCBuildConfiguration;
			buildSettings = {
				ALWAYS_EMBED_SWIFT_STANDARD_LIBRARIES = YES;
				BUNDLE_LOADER = "$(TEST_HOST)";
				CODE_SIGN_STYLE = Automatic;
				DEVELOPMENT_TEAM = C35DR2MHM7;
				INFOPLIST_FILE = paintingsTests/Info.plist;
				IPHONEOS_DEPLOYMENT_TARGET = 14.0;
				LD_RUNPATH_SEARCH_PATHS = (
					"$(inherited)",
					"@executable_path/Frameworks",
					"@loader_path/Frameworks",
				);
				PRODUCT_BUNDLE_IDENTIFIER = com.swams.paintingsTests;
				PRODUCT_NAME = "$(TARGET_NAME)";
				SWIFT_VERSION = 5.0;
				TARGETED_DEVICE_FAMILY = "1,2";
				TEST_HOST = "$(BUILT_PRODUCTS_DIR)/paintings.app/paintings";
			};
			name = Release;
		};
		70AD3FBD2540020F003482D1 /* Debug */ = {
			isa = XCBuildConfiguration;
			buildSettings = {
				ALWAYS_EMBED_SWIFT_STANDARD_LIBRARIES = YES;
				CODE_SIGN_STYLE = Automatic;
				DEVELOPMENT_TEAM = C35DR2MHM7;
				INFOPLIST_FILE = paintingsUITests/Info.plist;
				LD_RUNPATH_SEARCH_PATHS = (
					"$(inherited)",
					"@executable_path/Frameworks",
					"@loader_path/Frameworks",
				);
				PRODUCT_BUNDLE_IDENTIFIER = com.swams.paintingsUITests;
				PRODUCT_NAME = "$(TARGET_NAME)";
				SWIFT_VERSION = 5.0;
				TARGETED_DEVICE_FAMILY = "1,2";
				TEST_TARGET_NAME = paintings;
			};
			name = Debug;
		};
		70AD3FBE2540020F003482D1 /* Release */ = {
			isa = XCBuildConfiguration;
			buildSettings = {
				ALWAYS_EMBED_SWIFT_STANDARD_LIBRARIES = YES;
				CODE_SIGN_STYLE = Automatic;
				DEVELOPMENT_TEAM = C35DR2MHM7;
				INFOPLIST_FILE = paintingsUITests/Info.plist;
				LD_RUNPATH_SEARCH_PATHS = (
					"$(inherited)",
					"@executable_path/Frameworks",
					"@loader_path/Frameworks",
				);
				PRODUCT_BUNDLE_IDENTIFIER = com.swams.paintingsUITests;
				PRODUCT_NAME = "$(TARGET_NAME)";
				SWIFT_VERSION = 5.0;
				TARGETED_DEVICE_FAMILY = "1,2";
				TEST_TARGET_NAME = paintings;
			};
			name = Release;
		};
/* End XCBuildConfiguration section */

/* Begin XCConfigurationList section */
		70AD3F8725400207003482D1 /* Build configuration list for PBXProject "paintings" */ = {
			isa = XCConfigurationList;
			buildConfigurations = (
				70AD3FB42540020F003482D1 /* Debug */,
				70AD3FB52540020F003482D1 /* Release */,
			);
			defaultConfigurationIsVisible = 0;
			defaultConfigurationName = Release;
		};
		70AD3FB62540020F003482D1 /* Build configuration list for PBXNativeTarget "paintings" */ = {
			isa = XCConfigurationList;
			buildConfigurations = (
				70AD3FB72540020F003482D1 /* Debug */,
				70AD3FB82540020F003482D1 /* Release */,
			);
			defaultConfigurationIsVisible = 0;
			defaultConfigurationName = Release;
		};
		70AD3FB92540020F003482D1 /* Build configuration list for PBXNativeTarget "paintingsTests" */ = {
			isa = XCConfigurationList;
			buildConfigurations = (
				70AD3FBA2540020F003482D1 /* Debug */,
				70AD3FBB2540020F003482D1 /* Release */,
			);
			defaultConfigurationIsVisible = 0;
			defaultConfigurationName = Release;
		};
		70AD3FBC2540020F003482D1 /* Build configuration list for PBXNativeTarget "paintingsUITests" */ = {
			isa = XCConfigurationList;
			buildConfigurations = (
				70AD3FBD2540020F003482D1 /* Debug */,
				70AD3FBE2540020F003482D1 /* Release */,
			);
			defaultConfigurationIsVisible = 0;
			defaultConfigurationName = Release;
		};
/* End XCConfigurationList section */
	};
	rootObject = 70AD3F8425400207003482D1 /* Project object */;
}
